
Microsoft Visual Studio Solution File, Format Version 12.00
# Visual Studio Version 17
VisualStudioVersion = 17.8.34511.84
MinimumVisualStudioVersion = 10.0.40219.1
Project("{FAE04EC0-301F-11D3-BF4B-00C04F79EFBC}") = "linqEntityApplication", "linqEntityApplication\linqEntityApplication.csproj", "{FC706A1A-04AB-41F0-885B-880438B894BE}"
EndProject
Global
	GlobalSection(SolutionConfigurationPlatforms) = preSolution
		Debug|Any CPU = Debug|Any CPU
		Release|Any CPU = Release|Any CPU
	EndGlobalSection
	GlobalSection(ProjectConfigurationPlatforms) = postSolution
		{FC706A1A-04AB-41F0-885B-880438B894BE}.Debug|Any CPU.ActiveCfg = Debug|Any CPU
		{FC706A1A-04AB-41F0-885B-880438B894BE}.Debug|Any CPU.Build.0 = Debug|Any CPU
		{FC706A1A-04AB-41F0-885B-880438B894BE}.Release|Any CPU.ActiveCfg = Release|Any CPU
		{FC706A1A-04AB-41F0-885B-880438B894BE}.Release|Any CPU.Build.0 = Release|Any CPU
	EndGlobalSection
	GlobalSection(SolutionProperties) = preSolution
		HideSolutionNode = FALSE
	EndGlobalSection
	GlobalSection(ExtensibilityGlobals) = postSolution
		SolutionGuid = {E2156ECB-33AA-4D58-9BEE-F05A0196A572}
	EndGlobalSection
EndGlobal
